
Microsoft Visual Studio Solution File, Format Version 11.00
# Visual Studio 2010
Project("{FAE04EC0-301F-11D3-BF4B-00C04F79EFBC}") = "FizzBuzzKata", "FizzBuzzKata\FizzBuzzKata.csproj", "{BEB1085D-2F2B-4808-A0A9-B854DBE17824}"
EndProject
Project("{FAE04EC0-301F-11D3-BF4B-00C04F79EFBC}") = "FizzBuzz.Objects", "FizzBuzz.Objects\FizzBuzz.Objects.csproj", "{1AC06FD4-9A17-439D-BCC3-B14554E16149}"
EndProject
Project("{FAE04EC0-301F-11D3-BF4B-00C04F79EFBC}") = "Ostblock.Cryptography.Transposition", "..\Ostblock.Cryptography.Transposition\Ostblock.Cryptography.Transposition.csproj", "{C4DA0634-38ED-457D-86C0-232345CE0330}"
EndProject
Project("{FAE04EC0-301F-11D3-BF4B-00C04F79EFBC}") = "Tests.Ostblock.Cryptography", "..\Tests.Ostblock.Cryptography\Tests.Ostblock.Cryptography.csproj", "{FE10F5F1-B875-4077-A321-2B379D45EC37}"
EndProject
Global
	GlobalSection(SolutionConfigurationPlatforms) = preSolution
		Debug|Any CPU = Debug|Any CPU
		Release|Any CPU = Release|Any CPU
	EndGlobalSection
	GlobalSection(ProjectConfigurationPlatforms) = postSolution
		{BEB1085D-2F2B-4808-A0A9-B854DBE17824}.Debug|Any CPU.ActiveCfg = Debug|Any CPU
		{BEB1085D-2F2B-4808-A0A9-B854DBE17824}.Debug|Any CPU.Build.0 = Debug|Any CPU
		{BEB1085D-2F2B-4808-A0A9-B854DBE17824}.Release|Any CPU.ActiveCfg = Release|Any CPU
		{BEB1085D-2F2B-4808-A0A9-B854DBE17824}.Release|Any CPU.Build.0 = Release|Any CPU
		{1AC06FD4-9A17-439D-BCC3-B14554E16149}.Debug|Any CPU.ActiveCfg = Debug|Any CPU
		{1AC06FD4-9A17-439D-BCC3-B14554E16149}.Debug|Any CPU.Build.0 = Debug|Any CPU
		{1AC06FD4-9A17-439D-BCC3-B14554E16149}.Release|Any CPU.ActiveCfg = Release|Any CPU
		{1AC06FD4-9A17-439D-BCC3-B14554E16149}.Release|Any CPU.Build.0 = Release|Any CPU
		{C4DA0634-38ED-457D-86C0-232345CE0330}.Debug|Any CPU.ActiveCfg = Debug|Any CPU
		{C4DA0634-38ED-457D-86C0-232345CE0330}.Debug|Any CPU.Build.0 = Debug|Any CPU
		{C4DA0634-38ED-457D-86C0-232345CE0330}.Release|Any CPU.ActiveCfg = Release|Any CPU
		{C4DA0634-38ED-457D-86C0-232345CE0330}.Release|Any CPU.Build.0 = Release|Any CPU
		{FE10F5F1-B875-4077-A321-2B379D45EC37}.Debug|Any CPU.ActiveCfg = Debug|Any CPU
		{FE10F5F1-B875-4077-A321-2B379D45EC37}.Debug|Any CPU.Build.0 = Debug|Any CPU
		{FE10F5F1-B875-4077-A321-2B379D45EC37}.Release|Any CPU.ActiveCfg = Release|Any CPU
		{FE10F5F1-B875-4077-A321-2B379D45EC37}.Release|Any CPU.Build.0 = Release|Any CPU
	EndGlobalSection
	GlobalSection(SolutionProperties) = preSolution
		HideSolutionNode = FALSE
	EndGlobalSection
EndGlobal
